
Microsoft Visual Studio Solution File, Format Version 12.00
# Visual Studio 14
VisualStudioVersion = 14.0.25123.0
MinimumVisualStudioVersion = 10.0.40219.1
Project("{FAE04EC0-301F-11D3-BF4B-00C04F79EFBC}") = "Axial.Umbraco.PropertyAccess", "Axial.Umbraco.BackofficeTweaking\Axial.Umbraco.PropertyAccess.csproj", "{EB167299-B9C9-463F-95B6-E41BFE29F08A}"
EndProject
Project("{FAE04EC0-301F-11D3-BF4B-00C04F79EFBC}") = "Axial.Umbraco.Cms734", "Axial.Umbraco.Cms734\Axial.Umbraco.Cms734.csproj", "{24AE1240-4A23-4A48-9516-C216101B25E6}"
EndProject
Project("{FAE04EC0-301F-11D3-BF4B-00C04F79EFBC}") = "Axial.Umbraco.DecendantsAudit", "Axial.Umbraco.DecendantAudit\Axial.Umbraco.DecendantsAudit.csproj", "{8FBB1F6A-EF92-4B25-8B8E-44D333247DB3}"
EndProject
Project("{FAE04EC0-301F-11D3-BF4B-00C04F79EFBC}") = "Axial.Umbraco.FileSystemPicker", "Axial.Umbraco.FileSystemPicker\Axial.Umbraco.FileSystemPicker.csproj", "{C0318AC1-1532-49A6-9828-13F99E722431}"
EndProject
Project("{FAE04EC0-301F-11D3-BF4B-00C04F79EFBC}") = "Axial.Umbraco.SimpleRichTextEditor", "Axial.Umbraco.SimpleRichTextEditor\Axial.Umbraco.SimpleRichTextEditor.csproj", "{0C68FB11-9C1E-44AC-861B-4A471B34B405}"
EndProject
Project("{FAE04EC0-301F-11D3-BF4B-00C04F79EFBC}") = "Axial.Umbraco.DeleteChildren", "Axial.Umbraco.DeleteChildren\Axial.Umbraco.DeleteChildren.csproj", "{C5A3C91E-84A3-4C16-B77E-017876B01D6D}"
EndProject
Project("{FAE04EC0-301F-11D3-BF4B-00C04F79EFBC}") = "Axial.Umbraco.Cms742", "Axial.Umbraco.Cms742\Axial.Umbraco.Cms742.csproj", "{7A016C9F-2B06-42E6-A61C-9448EC719D45}"
EndProject
Project("{FAE04EC0-301F-11D3-BF4B-00C04F79EFBC}") = "Axial.Umbraco.EncryptedTextbox", "Axial.Umbraco.EncryptedTextBox\Axial.Umbraco.EncryptedTextbox.csproj", "{28CFA1CD-2C36-4D6C-94BE-A459E5A19E64}"
EndProject
Global
	GlobalSection(SolutionConfigurationPlatforms) = preSolution
		Debug|Any CPU = Debug|Any CPU
		Release|Any CPU = Release|Any CPU
	EndGlobalSection
	GlobalSection(ProjectConfigurationPlatforms) = postSolution
		{EB167299-B9C9-463F-95B6-E41BFE29F08A}.Debug|Any CPU.ActiveCfg = Debug|Any CPU
		{EB167299-B9C9-463F-95B6-E41BFE29F08A}.Debug|Any CPU.Build.0 = Debug|Any CPU
		{EB167299-B9C9-463F-95B6-E41BFE29F08A}.Release|Any CPU.ActiveCfg = Release|Any CPU
		{EB167299-B9C9-463F-95B6-E41BFE29F08A}.Release|Any CPU.Build.0 = Release|Any CPU
		{24AE1240-4A23-4A48-9516-C216101B25E6}.Debug|Any CPU.ActiveCfg = Debug|Any CPU
		{24AE1240-4A23-4A48-9516-C216101B25E6}.Debug|Any CPU.Build.0 = Debug|Any CPU
		{24AE1240-4A23-4A48-9516-C216101B25E6}.Release|Any CPU.ActiveCfg = Release|Any CPU
		{24AE1240-4A23-4A48-9516-C216101B25E6}.Release|Any CPU.Build.0 = Release|Any CPU
		{8FBB1F6A-EF92-4B25-8B8E-44D333247DB3}.Debug|Any CPU.ActiveCfg = Debug|Any CPU
		{8FBB1F6A-EF92-4B25-8B8E-44D333247DB3}.Debug|Any CPU.Build.0 = Debug|Any CPU
		{8FBB1F6A-EF92-4B25-8B8E-44D333247DB3}.Release|Any CPU.ActiveCfg = Release|Any CPU
		{8FBB1F6A-EF92-4B25-8B8E-44D333247DB3}.Release|Any CPU.Build.0 = Release|Any CPU
		{C0318AC1-1532-49A6-9828-13F99E722431}.Debug|Any CPU.ActiveCfg = Debug|Any CPU
		{C0318AC1-1532-49A6-9828-13F99E722431}.Debug|Any CPU.Build.0 = Debug|Any CPU
		{C0318AC1-1532-49A6-9828-13F99E722431}.Release|Any CPU.ActiveCfg = Release|Any CPU
		{C0318AC1-1532-49A6-9828-13F99E722431}.Release|Any CPU.Build.0 = Release|Any CPU
		{0C68FB11-9C1E-44AC-861B-4A471B34B405}.Debug|Any CPU.ActiveCfg = Debug|Any CPU
		{0C68FB11-9C1E-44AC-861B-4A471B34B405}.Debug|Any CPU.Build.0 = Debug|Any CPU
		{0C68FB11-9C1E-44AC-861B-4A471B34B405}.Release|Any CPU.ActiveCfg = Release|Any CPU
		{0C68FB11-9C1E-44AC-861B-4A471B34B405}.Release|Any CPU.Build.0 = Release|Any CPU
		{C5A3C91E-84A3-4C16-B77E-017876B01D6D}.Debug|Any CPU.ActiveCfg = Debug|Any CPU
		{C5A3C91E-84A3-4C16-B77E-017876B01D6D}.Debug|Any CPU.Build.0 = Debug|Any CPU
		{C5A3C91E-84A3-4C16-B77E-017876B01D6D}.Release|Any CPU.ActiveCfg = Release|Any CPU
		{C5A3C91E-84A3-4C16-B77E-017876B01D6D}.Release|Any CPU.Build.0 = Release|Any CPU
		{7A016C9F-2B06-42E6-A61C-9448EC719D45}.Debug|Any CPU.ActiveCfg = Debug|Any CPU
		{7A016C9F-2B06-42E6-A61C-9448EC719D45}.Debug|Any CPU.Build.0 = Debug|Any CPU
		{7A016C9F-2B06-42E6-A61C-9448EC719D45}.Release|Any CPU.ActiveCfg = Release|Any CPU
		{7A016C9F-2B06-42E6-A61C-9448EC719D45}.Release|Any CPU.Build.0 = Release|Any CPU
		{28CFA1CD-2C36-4D6C-94BE-A459E5A19E64}.Debug|Any CPU.ActiveCfg = Debug|Any CPU
		{28CFA1CD-2C36-4D6C-94BE-A459E5A19E64}.Debug|Any CPU.Build.0 = Debug|Any CPU
		{28CFA1CD-2C36-4D6C-94BE-A459E5A19E64}.Release|Any CPU.ActiveCfg = Release|Any CPU
		{28CFA1CD-2C36-4D6C-94BE-A459E5A19E64}.Release|Any CPU.Build.0 = Release|Any CPU
	EndGlobalSection
	GlobalSection(SolutionProperties) = preSolution
		HideSolutionNode = FALSE
	EndGlobalSection
EndGlobal
